
Microsoft Visual Studio Solution File, Format Version 12.00
# Visual Studio Version 16
VisualStudioVersion = 16.0.32228.343
MinimumVisualStudioVersion = 10.0.40219.1
Project("{888888A0-9F3D-457C-B088-3A5042F75D52}") = "Rename all imagefiles", "Rename all imagefiles\Rename all imagefiles.pyproj", "{9AD59028-5F04-4232-9091-A1DD9E170E0D}"
EndProject
Global
	GlobalSection(SolutionConfigurationPlatforms) = preSolution
		Debug|Any CPU = Debug|Any CPU
		Release|Any CPU = Release|Any CPU
	EndGlobalSection
	GlobalSection(ProjectConfigurationPlatforms) = postSolution
		{9AD59028-5F04-4232-9091-A1DD9E170E0D}.Debug|Any CPU.ActiveCfg = Debug|Any CPU
		{9AD59028-5F04-4232-9091-A1DD9E170E0D}.Release|Any CPU.ActiveCfg = Release|Any CPU
	EndGlobalSection
	GlobalSection(SolutionProperties) = preSolution
		HideSolutionNode = FALSE
	EndGlobalSection
	GlobalSection(ExtensibilityGlobals) = postSolution
		SolutionGuid = {5C346206-A229-4B9A-B4DD-14BF77C92E57}
	EndGlobalSection
EndGlobal
